
Microsoft Visual Studio Solution File, Format Version 12.00
# Visual Studio 15
VisualStudioVersion = 15.0.27703.2000
MinimumVisualStudioVersion = 10.0.40219.1
Project("{FAE04EC0-301F-11D3-BF4B-00C04F79EFBC}") = "ProxySwitcher.Interface", "ProxySwitcher.Interface\ProxySwitcher.Interface.csproj", "{3376B2E1-EB56-4BDB-8858-1C28BA9C955B}"
EndProject
Project("{FAE04EC0-301F-11D3-BF4B-00C04F79EFBC}") = "ProxySwitcher.DataAccess", "ProxySwitcher.DataAccess\ProxySwitcher.DataAccess.csproj", "{6FDE1643-865D-4DB6-9591-82194CA86E3A}"
EndProject
Project("{FAE04EC0-301F-11D3-BF4B-00C04F79EFBC}") = "ProxySwitcher.Models", "ProxySwitcher.Models\ProxySwitcher.Models.csproj", "{70DF5E04-E12A-4FD4-AE4B-F2739900E50B}"
EndProject
Project("{FAE04EC0-301F-11D3-BF4B-00C04F79EFBC}") = "ProxySwitcher.Utils", "ProxySwitcher.Utils\ProxySwitcher.Utils.csproj", "{2E7ED694-ABF9-476F-A31A-7BAFC7814B46}"
EndProject
Project("{FAE04EC0-301F-11D3-BF4B-00C04F79EFBC}") = "ProxySwitcher.Manager", "ProxySwitcher.Manager\ProxySwitcher.Manager.csproj", "{80FF5C5C-5429-4FE4-9AEB-A80474048DE0}"
EndProject
Global
	GlobalSection(SolutionConfigurationPlatforms) = preSolution
		Debug|Any CPU = Debug|Any CPU
		Release|Any CPU = Release|Any CPU
	EndGlobalSection
	GlobalSection(ProjectConfigurationPlatforms) = postSolution
		{3376B2E1-EB56-4BDB-8858-1C28BA9C955B}.Debug|Any CPU.ActiveCfg = Debug|Any CPU
		{3376B2E1-EB56-4BDB-8858-1C28BA9C955B}.Debug|Any CPU.Build.0 = Debug|Any CPU
		{3376B2E1-EB56-4BDB-8858-1C28BA9C955B}.Release|Any CPU.ActiveCfg = Release|Any CPU
		{3376B2E1-EB56-4BDB-8858-1C28BA9C955B}.Release|Any CPU.Build.0 = Release|Any CPU
		{6FDE1643-865D-4DB6-9591-82194CA86E3A}.Debug|Any CPU.ActiveCfg = Debug|Any CPU
		{6FDE1643-865D-4DB6-9591-82194CA86E3A}.Debug|Any CPU.Build.0 = Debug|Any CPU
		{6FDE1643-865D-4DB6-9591-82194CA86E3A}.Release|Any CPU.ActiveCfg = Release|Any CPU
		{6FDE1643-865D-4DB6-9591-82194CA86E3A}.Release|Any CPU.Build.0 = Release|Any CPU
		{70DF5E04-E12A-4FD4-AE4B-F2739900E50B}.Debug|Any CPU.ActiveCfg = Debug|Any CPU
		{70DF5E04-E12A-4FD4-AE4B-F2739900E50B}.Debug|Any CPU.Build.0 = Debug|Any CPU
		{70DF5E04-E12A-4FD4-AE4B-F2739900E50B}.Release|Any CPU.ActiveCfg = Release|Any CPU
		{70DF5E04-E12A-4FD4-AE4B-F2739900E50B}.Release|Any CPU.Build.0 = Release|Any CPU
		{2E7ED694-ABF9-476F-A31A-7BAFC7814B46}.Debug|Any CPU.ActiveCfg = Debug|Any CPU
		{2E7ED694-ABF9-476F-A31A-7BAFC7814B46}.Debug|Any CPU.Build.0 = Debug|Any CPU
		{2E7ED694-ABF9-476F-A31A-7BAFC7814B46}.Release|Any CPU.ActiveCfg = Release|Any CPU
		{2E7ED694-ABF9-476F-A31A-7BAFC7814B46}.Release|Any CPU.Build.0 = Release|Any CPU
		{80FF5C5C-5429-4FE4-9AEB-A80474048DE0}.Debug|Any CPU.ActiveCfg = Debug|Any CPU
		{80FF5C5C-5429-4FE4-9AEB-A80474048DE0}.Debug|Any CPU.Build.0 = Debug|Any CPU
		{80FF5C5C-5429-4FE4-9AEB-A80474048DE0}.Release|Any CPU.ActiveCfg = Release|Any CPU
		{80FF5C5C-5429-4FE4-9AEB-A80474048DE0}.Release|Any CPU.Build.0 = Release|Any CPU
	EndGlobalSection
	GlobalSection(SolutionProperties) = preSolution
		HideSolutionNode = FALSE
	EndGlobalSection
	GlobalSection(ExtensibilityGlobals) = postSolution
		SolutionGuid = {A441AE03-62A9-4407-800D-77D717E2CDB4}
	EndGlobalSection
EndGlobal
